
Microsoft Visual Studio Solution File, Format Version 12.00
# Visual Studio 15
VisualStudioVersion = 15.0.27130.2027
MinimumVisualStudioVersion = 10.0.40219.1
Project("{FAE04EC0-301F-11D3-BF4B-00C04F79EFBC}") = "UsageToOMSCore", "UsageToOMSCore\UsageToOMSCore.csproj", "{4D404D03-2A1D-4182-92D8-DE05C72E7E21}"
EndProject
Project("{9A19103F-16F7-4668-BE54-9A1E7A4F7556}") = "UsageToOMSFunc", "UsageToOMSFunc\UsageToOMSFunc.csproj", "{AEFE059E-5649-428E-A728-1DCAEEBDB471}"
EndProject
Project("{FAE04EC0-301F-11D3-BF4B-00C04F79EFBC}") = "UsageToOMSFuncTest", "UsageToOMSTest\UsageToOMSFuncTest.csproj", "{E935533E-3995-4E11-A28C-F5DAD74F937F}"
EndProject
Project("{FAE04EC0-301F-11D3-BF4B-00C04F79EFBC}") = "Utilities", "Utilities\Utilities.csproj", "{9BF0456F-90EB-4425-9690-296752BCBA29}"
EndProject
Project("{2150E333-8FDC-42A3-9474-1A3956D46DE8}") = "LogAnalyticsScripts", "LogAnalyticsScripts", "{14905FBF-F6F2-4F7C-AD98-4451399AE338}"
	ProjectSection(SolutionItems) = preProject
		AnamolyDetection.txt = AnamolyDetection.txt
		CostPerClientCosmosDB.txt = CostPerClientCosmosDB.txt
		CostPerOperationCosmosDb.txt = CostPerOperationCosmosDb.txt
		CostPerSqlQuery.txt = CostPerSqlQuery.txt
		SqlUsageAgainstProvisionedDTU.txt = SqlUsageAgainstProvisionedDTU.txt
		SqlUsageVsCost.txt = SqlUsageVsCost.txt
	EndProjectSection
EndProject
Global
	GlobalSection(SolutionConfigurationPlatforms) = preSolution
		Debug|Any CPU = Debug|Any CPU
		Release|Any CPU = Release|Any CPU
	EndGlobalSection
	GlobalSection(ProjectConfigurationPlatforms) = postSolution
		{4D404D03-2A1D-4182-92D8-DE05C72E7E21}.Debug|Any CPU.ActiveCfg = Debug|Any CPU
		{4D404D03-2A1D-4182-92D8-DE05C72E7E21}.Debug|Any CPU.Build.0 = Debug|Any CPU
		{4D404D03-2A1D-4182-92D8-DE05C72E7E21}.Release|Any CPU.ActiveCfg = Release|Any CPU
		{4D404D03-2A1D-4182-92D8-DE05C72E7E21}.Release|Any CPU.Build.0 = Release|Any CPU
		{AEFE059E-5649-428E-A728-1DCAEEBDB471}.Debug|Any CPU.ActiveCfg = Debug|Any CPU
		{AEFE059E-5649-428E-A728-1DCAEEBDB471}.Debug|Any CPU.Build.0 = Debug|Any CPU
		{AEFE059E-5649-428E-A728-1DCAEEBDB471}.Release|Any CPU.ActiveCfg = Release|Any CPU
		{AEFE059E-5649-428E-A728-1DCAEEBDB471}.Release|Any CPU.Build.0 = Release|Any CPU
		{E935533E-3995-4E11-A28C-F5DAD74F937F}.Debug|Any CPU.ActiveCfg = Debug|Any CPU
		{E935533E-3995-4E11-A28C-F5DAD74F937F}.Debug|Any CPU.Build.0 = Debug|Any CPU
		{E935533E-3995-4E11-A28C-F5DAD74F937F}.Release|Any CPU.ActiveCfg = Release|Any CPU
		{E935533E-3995-4E11-A28C-F5DAD74F937F}.Release|Any CPU.Build.0 = Release|Any CPU
		{9BF0456F-90EB-4425-9690-296752BCBA29}.Debug|Any CPU.ActiveCfg = Debug|Any CPU
		{9BF0456F-90EB-4425-9690-296752BCBA29}.Debug|Any CPU.Build.0 = Debug|Any CPU
		{9BF0456F-90EB-4425-9690-296752BCBA29}.Release|Any CPU.ActiveCfg = Release|Any CPU
		{9BF0456F-90EB-4425-9690-296752BCBA29}.Release|Any CPU.Build.0 = Release|Any CPU
	EndGlobalSection
	GlobalSection(SolutionProperties) = preSolution
		HideSolutionNode = FALSE
	EndGlobalSection
	GlobalSection(ExtensibilityGlobals) = postSolution
		SolutionGuid = {40B0DC16-703F-40D8-A967-A93B4638AD0B}
	EndGlobalSection
EndGlobal
